// !$*UTF8*$!
{
	archiveVersion = 1;
	classes = {
	};
	objectVersion = 46;
	objects = {

/* Begin PBXBuildFile section */
		EF9739F31C4F0C15009E9CE9 /* AppDelegate.swift in Sources */ = {isa = PBXBuildFile; fileRef = EF9739F21C4F0C15009E9CE9 /* AppDelegate.swift */; };
		EF9739F51C4F0C15009E9CE9 /* ViewController.swift in Sources */ = {isa = PBXBuildFile; fileRef = EF9739F41C4F0C15009E9CE9 /* ViewController.swift */; };
		EF9739FA1C4F0C15009E9CE9 /* Assets.xcassets in Resources */ = {isa = PBXBuildFile; fileRef = EF9739F91C4F0C15009E9CE9 /* Assets.xcassets */; };
		EF9739FD1C4F0C15009E9CE9 /* LaunchScreen.storyboard in Resources */ = {isa = PBXBuildFile; fileRef = EF9739FB1C4F0C15009E9CE9 /* LaunchScreen.storyboard */; };
		EF973A051C4F0DA3009E9CE9 /* StretchyCollectionViewLayout.swift in Sources */ = {isa = PBXBuildFile; fileRef = EF973A041C4F0DA3009E9CE9 /* StretchyCollectionViewLayout.swift */; };
		EF973A071C4F110D009E9CE9 /* StretchyHeaderView.swift in Sources */ = {isa = PBXBuildFile; fileRef = EF973A061C4F110D009E9CE9 /* StretchyHeaderView.swift */; };
/* End PBXBuildFile section */

/* Begin PBXFileReference section */
		EF9739EF1C4F0C15009E9CE9 /* StretchyCollection.app */ = {isa = PBXFileReference; explicitFileType = wrapper.application; includeInIndex = 0; path = StretchyCollection.app; sourceTree = BUILT_PRODUCTS_DIR; };
		EF9739F21C4F0C15009E9CE9 /* AppDelegate.swift */ = {isa = PBXFileReference; lastKnownFileType = sourcecode.swift; path = AppDelegate.swift; sourceTree = "<group>"; };
		EF9739F41C4F0C15009E9CE9 /* ViewController.swift */ = {isa = PBXFileReference; lastKnownFileType = sourcecode.swift; path = ViewController.swift; sourceTree = "<group>"; };
		EF9739F91C4F0C15009E9CE9 /* Assets.xcassets */ = {isa = PBXFileReference; lastKnownFileType = folder.assetcatalog; path = Assets.xcassets; sourceTree = "<group>"; };
		EF9739FC1C4F0C15009E9CE9 /* Base */ = {isa = PBXFileReference; lastKnownFileType = file.storyboard; name = Base; path = Base.lproj/LaunchScreen.storyboard; sourceTree = "<group>"; };
		EF9739FE1C4F0C15009E9CE9 /* Info.plist */ = {isa = PBXFileReference; lastKnownFileType = text.plist.xml; path = Info.plist; sourceTree = "<group>"; };
		EF973A041C4F0DA3009E9CE9 /* StretchyCollectionViewLayout.swift */ = {isa = PBXFileReference; fileEncoding = 4; lastKnownFileType = sourcecode.swift; path = StretchyCollectionViewLayout.swift; sourceTree = "<group>"; };
		EF973A061C4F110D009E9CE9 /* StretchyHeaderView.swift */ = {isa = PBXFileReference; fileEncoding = 4; lastKnownFileType = sourcecode.swift; path = StretchyHeaderView.swift; sourceTree = "<group>"; };
/* End PBXFileReference section */

/* Begin PBXFrameworksBuildPhase section */
		EF9739EC1C4F0C15009E9CE9 /* Frameworks */ = {
			isa = PBXFrameworksBuildPhase;
			buildActionMask = 2147483647;
			files = (
			);
			runOnlyForDeploymentPostprocessing = 0;
		};
/* End PBXFrameworksBuildPhase section */

/* Begin PBXGroup section */
		EF9739E61C4F0C15009E9CE9 = {
			isa = PBXGroup;
			children = (
				EF9739F11C4F0C15009E9CE9 /* StretchyCollection */,
				EF9739F01C4F0C15009E9CE9 /* Products */,
			);
			sourceTree = "<group>";
		};
		EF9739F01C4F0C15009E9CE9 /* Products */ = {
			isa = PBXGroup;
			children = (
				EF9739EF1C4F0C15009E9CE9 /* StretchyCollection.app */,
			);
			name = Products;
			sourceTree = "<group>";
		};
		EF9739F11C4F0C15009E9CE9 /* StretchyCollection */ = {
			isa = PBXGroup;
			children = (
				EF9739F21C4F0C15009E9CE9 /* AppDelegate.swift */,
				EF9739F41C4F0C15009E9CE9 /* ViewController.swift */,
				EF973A061C4F110D009E9CE9 /* StretchyHeaderView.swift */,
				EF973A041C4F0DA3009E9CE9 /* StretchyCollectionViewLayout.swift */,
				EF9739F91C4F0C15009E9CE9 /* Assets.xcassets */,
				EF9739FB1C4F0C15009E9CE9 /* LaunchScreen.storyboard */,
				EF9739FE1C4F0C15009E9CE9 /* Info.plist */,
			);
			path = StretchyCollection;
			sourceTree = "<group>";
		};
/* End PBXGroup section */

/* Begin PBXNativeTarget section */
		EF9739EE1C4F0C15009E9CE9 /* StretchyCollection */ = {
			isa = PBXNativeTarget;
			buildConfigurationList = EF973A011C4F0C15009E9CE9 /* Build configuration list for PBXNativeTarget "StretchyCollection" */;
			buildPhases = (
				EF9739EB1C4F0C15009E9CE9 /* Sources */,
				EF9739EC1C4F0C15009E9CE9 /* Frameworks */,
				EF9739ED1C4F0C15009E9CE9 /* Resources */,
			);
			buildRules = (
			);
			dependencies = (
			);
			name = StretchyCollection;
			productName = StretchyCollection;
			productReference = EF9739EF1C4F0C15009E9CE9 /* StretchyCollection.app */;
			productType = "com.apple.product-type.application";
		};
/* End PBXNativeTarget section */

/* Begin PBXProject section */
		EF9739E71C4F0C15009E9CE9 /* Project object */ = {
			isa = PBXProject;
			attributes = {
				LastSwiftUpdateCheck = 0720;
				LastUpgradeCheck = 0720;
				ORGANIZATIONNAME = "Frozen Fire Studios, Inc.";
				TargetAttributes = {
					EF9739EE1C4F0C15009E9CE9 = {
						CreatedOnToolsVersion = 7.2;
					};
				};
			};
			buildConfigurationList = EF9739EA1C4F0C15009E9CE9 /* Build configuration list for PBXProject "StretchyCollection" */;
			compatibilityVersion = "Xcode 3.2";
			developmentRegion = English;
			hasScannedForEncodings = 0;
			knownRegions = (
				en,
				Base,
			);
			mainGroup = EF9739E61C4F0C15009E9CE9;
			productRefGroup = EF9739F01C4F0C15009E9CE9 /* Products */;
			projectDirPath = "";
			projectRoot = "";
			targets = (
				EF9739EE1C4F0C15009E9CE9 /* StretchyCollection */,
			);
		};
/* End PBXProject section */

/* Begin PBXResourcesBuildPhase section */
		EF9739ED1C4F0C15009E9CE9 /* Resources */ = {
			isa = PBXResourcesBuildPhase;
			buildActionMask = 2147483647;
			files = (
				EF9739FD1C4F0C15009E9CE9 /* LaunchScreen.storyboard in Resources */,
				EF9739FA1C4F0C15009E9CE9 /* Assets.xcassets in Resources */,
			);
			runOnlyForDeploymentPostprocessing = 0;
		};
/* End PBXResourcesBuildPhase section */

/* Begin PBXSourcesBuildPhase section */
		EF9739EB1C4F0C15009E9CE9 /* Sources */ = {
			isa = PBXSourcesBuildPhase;
			buildActionMask = 2147483647;
			files = (
				EF9739F51C4F0C15009E9CE9 /* ViewController.swift in Sources */,
				EF973A071C4F110D009E9CE9 /* StretchyHeaderView.swift in Sources */,
				EF973A051C4F0DA3009E9CE9 /* StretchyCollectionViewLayout.swift in Sources */,
				EF9739F31C4F0C15009E9CE9 /* AppDelegate.swift in Sources */,
			);
			runOnlyForDeploymentPostprocessing = 0;
		};
/* End PBXSourcesBuildPhase section */

/* Begin PBXVariantGroup section */
		EF9739FB1C4F0C15009E9CE9 /* LaunchScreen.storyboard */ = {
			isa = PBXVariantGroup;
			children = (
				EF9739FC1C4F0C15009E9CE9 /* Base */,
			);
			name = LaunchScreen.storyboard;
			sourceTree = "<group>";
		};
/* End PBXVariantGroup section */

/* Begin XCBuildConfiguration section */
		EF9739FF1C4F0C15009E9CE9 /* Debug */ = {
			isa = XCBuildConfiguration;
			buildSettings = {
				ALWAYS_SEARCH_USER_PATHS = NO;
				CLANG_CXX_LANGUAGE_STANDARD = "gnu++0x";
				CLANG_CXX_LIBRARY = "libc++";
				CLANG_ENABLE_MODULES = YES;
				CLANG_ENABLE_OBJC_ARC = YES;
				CLANG_WARN_BOOL_CONVERSION = YES;
				CLANG_WARN_CONSTANT_CONVERSION = YES;
				CLANG_WARN_DIRECT_OBJC_ISA_USAGE = YES_ERROR;
				CLANG_WARN_EMPTY_BODY = YES;
				CLANG_WARN_ENUM_CONVERSION = YES;
				CLANG_WARN_INT_CONVERSION = YES;
				CLANG_WARN_OBJC_ROOT_CLASS = YES_ERROR;
				CLANG_WARN_UNREACHABLE_CODE = YES;
				CLANG_WARN__DUPLICATE_METHOD_MATCH = YES;
				"CODE_SIGN_IDENTITY[sdk=iphoneos*]" = "iPhone Developer";
				COPY_PHASE_STRIP = NO;
				DEBUG_INFORMATION_FORMAT = dwarf;
				ENABLE_STRICT_OBJC_MSGSEND = YES;
				ENABLE_TESTABILITY = YES;
				GCC_C_LANGUAGE_STANDARD = gnu99;
				GCC_DYNAMIC_NO_PIC = NO;
				GCC_NO_COMMON_BLOCKS = YES;
				GCC_OPTIMIZATION_LEVEL = 0;
				GCC_PREPROCESSOR_DEFINITIONS = (
					"DEBUG=1",
					"$(inherited)",
				);
				GCC_WARN_64_TO_32_BIT_CONVERSION = YES;
				GCC_WARN_ABOUT_RETURN_TYPE = YES_ERROR;
				GCC_WARN_UNDECLARED_SELECTOR = YES;
				GCC_WARN_UNINITIALIZED_AUTOS = YES_AGGRESSIVE;
				GCC_WARN_UNUSED_FUNCTION = YES;
				GCC_WARN_UNUSED_VARIABLE = YES;
				IPHONEOS_DEPLOYMENT_TARGET = 9.2;
				MTL_ENABLE_DEBUG_INFO = YES;
				ONLY_ACTIVE_ARCH = YES;
				SDKROOT = iphoneos;
				SWIFT_OPTIMIZATION_LEVEL = "-Onone";
			};
			name = Debug;
		};
		EF973A001C4F0C15009E9CE9 /* Release */ = {
			isa = XCBuildConfiguration;
			buildSettings = {
				ALWAYS_SEARCH_USER_PATHS = NO;
				CLANG_CXX_LANGUAGE_STANDARD = "gnu++0x";
				CLANG_CXX_LIBRARY = "libc++";
				CLANG_ENABLE_MODULES = YES;
				CLANG_ENABLE_OBJC_ARC = YES;
				CLANG_WARN_BOOL_CONVERSION = YES;
				CLANG_WARN_CONSTANT_CONVERSION = YES;
				CLANG_WARN_DIRECT_OBJC_ISA_USAGE = YES_ERROR;
				CLANG_WARN_EMPTY_BODY = YES;
				CLANG_WARN_ENUM_CONVERSION = YES;
				CLANG_WARN_INT_CONVERSION = YES;
				CLANG_WARN_OBJC_ROOT_CLASS = YES_ERROR;
				CLANG_WARN_UNREACHABLE_CODE = YES;
				CLANG_WARN__DUPLICATE_METHOD_MATCH = YES;
				"CODE_SIGN_IDENTITY[sdk=iphoneos*]" = "iPhone Developer";
				COPY_PHASE_STRIP = NO;
				DEBUG_INFORMATION_FORMAT = "dwarf-with-dsym";
				ENABLE_NS_ASSERTIONS = NO;
				ENABLE_STRICT_OBJC_MSGSEND = YES;
				GCC_C_LANGUAGE_STANDARD = gnu99;
				GCC_NO_COMMON_BLOCKS = YES;
				GCC_WARN_64_TO_32_BIT_CONVERSION = YES;
				GCC_WARN_ABOUT_RETURN_TYPE = YES_ERROR;
				GCC_WARN_UNDECLARED_SELECTOR = YES;
				GCC_WARN_UNINITIALIZED_AUTOS = YES_AGGRESSIVE;
				GCC_WARN_UNUSED_FUNCTION = YES;
				GCC_WARN_UNUSED_VARIABLE = YES;
				IPHONEOS_DEPLOYMENT_TARGET = 9.2;
				MTL_ENABLE_DEBUG_INFO = NO;
				SDKROOT = iphoneos;
				VALIDATE_PRODUCT = YES;
			};
			name = Release;
		};
		EF973A021C4F0C15009E9CE9 /* Debug */ = {
			isa = XCBuildConfiguration;
			buildSettings = {
				ASSETCATALOG_COMPILER_APPICON_NAME = AppIcon;
				INFOPLIST_FILE = StretchyCollection/Info.plist;
				LD_RUNPATH_SEARCH_PATHS = "$(inherited) @executable_path/Frameworks";
				PRODUCT_BUNDLE_IDENTIFIER = com.frozenfirestudios.StretchyCollection;
				PRODUCT_NAME = "$(TARGET_NAME)";
			};
			name = Debug;
		};
		EF973A031C4F0C15009E9CE9 /* Release */ = {
			isa = XCBuildConfiguration;
			buildSettings = {
				ASSETCATALOG_COMPILER_APPICON_NAME = AppIcon;
				INFOPLIST_FILE = StretchyCollection/Info.plist;
				LD_RUNPATH_SEARCH_PATHS = "$(inherited) @executable_path/Frameworks";
				PRODUCT_BUNDLE_IDENTIFIER = com.frozenfirestudios.StretchyCollection;
				PRODUCT_NAME = "$(TARGET_NAME)";
			};
			name = Release;
		};
/* End XCBuildConfiguration section */

/* Begin XCConfigurationList section */
		EF9739EA1C4F0C15009E9CE9 /* Build configuration list for PBXProject "StretchyCollection" */ = {
			isa = XCConfigurationList;
			buildConfigurations = (
				EF9739FF1C4F0C15009E9CE9 /* Debug */,
				EF973A001C4F0C15009E9CE9 /* Release */,
			);
			defaultConfigurationIsVisible = 0;
			defaultConfigurationName = Release;
		};
		EF973A011C4F0C15009E9CE9 /* Build configuration list for PBXNativeTarget "StretchyCollection" */ = {
			isa = XCConfigurationList;
			buildConfigurations = (
				EF973A021C4F0C15009E9CE9 /* Debug */,
				EF973A031C4F0C15009E9CE9 /* Release */,
			);
			defaultConfigurationIsVisible = 0;
		};
/* End XCConfigurationList section */
	};
	rootObject = EF9739E71C4F0C15009E9CE9 /* Project object */;
}
